
Microsoft Visual Studio Solution File, Format Version 12.00
# Visual Studio Version 16
VisualStudioVersion = 16.0.31613.86
MinimumVisualStudioVersion = 10.0.40219.1
Project("{FAE04EC0-301F-11D3-BF4B-00C04F79EFBC}") = "SadarakDeptProject", "SadarakDeptProject\SadarakDeptProject.csproj", "{A392ADD8-B6E1-4767-A5F4-9996D84B2804}"
EndProject
Global
	GlobalSection(SolutionConfigurationPlatforms) = preSolution
		Debug|Any CPU = Debug|Any CPU
		Release|Any CPU = Release|Any CPU
	EndGlobalSection
	GlobalSection(ProjectConfigurationPlatforms) = postSolution
		{A392ADD8-B6E1-4767-A5F4-9996D84B2804}.Debug|Any CPU.ActiveCfg = Debug|Any CPU
		{A392ADD8-B6E1-4767-A5F4-9996D84B2804}.Debug|Any CPU.Build.0 = Debug|Any CPU
		{A392ADD8-B6E1-4767-A5F4-9996D84B2804}.Release|Any CPU.ActiveCfg = Release|Any CPU
		{A392ADD8-B6E1-4767-A5F4-9996D84B2804}.Release|Any CPU.Build.0 = Release|Any CPU
	EndGlobalSection
	GlobalSection(SolutionProperties) = preSolution
		HideSolutionNode = FALSE
	EndGlobalSection
	GlobalSection(ExtensibilityGlobals) = postSolution
		SolutionGuid = {AE2B2E0D-E6B4-4D72-92C0-1A8B337B7C17}
	EndGlobalSection
EndGlobal
